
Microsoft Visual Studio Solution File, Format Version 12.00
# Visual Studio Version 17
VisualStudioVersion = 17.10.35013.160
MinimumVisualStudioVersion = 10.0.40219.1
Project("{9A19103F-16F7-4668-BE54-9A1E7A4F7556}") = "Business", "Business\Business.csproj", "{AC6993F9-2477-4BE6-90FD-C6CBA61EE8CF}"
EndProject
Project("{9A19103F-16F7-4668-BE54-9A1E7A4F7556}") = "DataAccess", "DataAccess\DataAccess.csproj", "{0DE218DE-4AA2-49B1-89A3-391E8FB80D4B}"
EndProject
Project("{9A19103F-16F7-4668-BE54-9A1E7A4F7556}") = "Entities", "Entities\Entities.csproj", "{A599F836-33BC-4A9E-B3B1-4C52C69AB38B}"
EndProject
Project("{9A19103F-16F7-4668-BE54-9A1E7A4F7556}") = "Core", "Core\Core.csproj", "{CAA8C102-5841-453D-911B-BB2FF0AD36D9}"
EndProject
Project("{9A19103F-16F7-4668-BE54-9A1E7A4F7556}") = "WebAPI", "WebAPI\WebAPI.csproj", "{B23CB195-F98E-43F6-8605-0D92E474A87C}"
EndProject
Project("{FAE04EC0-301F-11D3-BF4B-00C04F79EFBC}") = "Uı", "Uı\Uı.csproj", "{A5ED8337-AABB-4961-9C60-84AED00FF55F}"
EndProject
Global
	GlobalSection(SolutionConfigurationPlatforms) = preSolution
		Debug|Any CPU = Debug|Any CPU
		Release|Any CPU = Release|Any CPU
	EndGlobalSection
	GlobalSection(ProjectConfigurationPlatforms) = postSolution
		{AC6993F9-2477-4BE6-90FD-C6CBA61EE8CF}.Debug|Any CPU.ActiveCfg = Debug|Any CPU
		{AC6993F9-2477-4BE6-90FD-C6CBA61EE8CF}.Debug|Any CPU.Build.0 = Debug|Any CPU
		{AC6993F9-2477-4BE6-90FD-C6CBA61EE8CF}.Release|Any CPU.ActiveCfg = Release|Any CPU
		{AC6993F9-2477-4BE6-90FD-C6CBA61EE8CF}.Release|Any CPU.Build.0 = Release|Any CPU
		{0DE218DE-4AA2-49B1-89A3-391E8FB80D4B}.Debug|Any CPU.ActiveCfg = Debug|Any CPU
		{0DE218DE-4AA2-49B1-89A3-391E8FB80D4B}.Debug|Any CPU.Build.0 = Debug|Any CPU
		{0DE218DE-4AA2-49B1-89A3-391E8FB80D4B}.Release|Any CPU.ActiveCfg = Release|Any CPU
		{0DE218DE-4AA2-49B1-89A3-391E8FB80D4B}.Release|Any CPU.Build.0 = Release|Any CPU
		{A599F836-33BC-4A9E-B3B1-4C52C69AB38B}.Debug|Any CPU.ActiveCfg = Debug|Any CPU
		{A599F836-33BC-4A9E-B3B1-4C52C69AB38B}.Debug|Any CPU.Build.0 = Debug|Any CPU
		{A599F836-33BC-4A9E-B3B1-4C52C69AB38B}.Release|Any CPU.ActiveCfg = Release|Any CPU
		{A599F836-33BC-4A9E-B3B1-4C52C69AB38B}.Release|Any CPU.Build.0 = Release|Any CPU
		{CAA8C102-5841-453D-911B-BB2FF0AD36D9}.Debug|Any CPU.ActiveCfg = Debug|Any CPU
		{CAA8C102-5841-453D-911B-BB2FF0AD36D9}.Debug|Any CPU.Build.0 = Debug|Any CPU
		{CAA8C102-5841-453D-911B-BB2FF0AD36D9}.Release|Any CPU.ActiveCfg = Release|Any CPU
		{CAA8C102-5841-453D-911B-BB2FF0AD36D9}.Release|Any CPU.Build.0 = Release|Any CPU
		{B23CB195-F98E-43F6-8605-0D92E474A87C}.Debug|Any CPU.ActiveCfg = Debug|Any CPU
		{B23CB195-F98E-43F6-8605-0D92E474A87C}.Debug|Any CPU.Build.0 = Debug|Any CPU
		{B23CB195-F98E-43F6-8605-0D92E474A87C}.Release|Any CPU.ActiveCfg = Release|Any CPU
		{B23CB195-F98E-43F6-8605-0D92E474A87C}.Release|Any CPU.Build.0 = Release|Any CPU
		{A5ED8337-AABB-4961-9C60-84AED00FF55F}.Debug|Any CPU.ActiveCfg = Debug|Any CPU
		{A5ED8337-AABB-4961-9C60-84AED00FF55F}.Debug|Any CPU.Build.0 = Debug|Any CPU
		{A5ED8337-AABB-4961-9C60-84AED00FF55F}.Release|Any CPU.ActiveCfg = Release|Any CPU
		{A5ED8337-AABB-4961-9C60-84AED00FF55F}.Release|Any CPU.Build.0 = Release|Any CPU
	EndGlobalSection
	GlobalSection(SolutionProperties) = preSolution
		HideSolutionNode = FALSE
	EndGlobalSection
	GlobalSection(ExtensibilityGlobals) = postSolution
		SolutionGuid = {B4829F8B-2D24-48E4-9CEA-546541E162BA}
	EndGlobalSection
EndGlobal
